PODS:
  - app_links (0.0.2):
    - Flutter
  - connectivity_plus (0.0.1):
    - Flutter
  - Flutter (1.0.0)
  - package_info_plus (0.4.5):
    - Flutter
  - path_provider_foundation (0.0.1):
    - Flutter
    - FlutterMacOS
  - pdfrx (0.0.6):
    - Flutter
    - FlutterMacOS
  - share_plus (0.0.1):
    - Flutter
  - sqlite3 (3.50.2):
    - sqlite3/common (= 3.50.2)
  - sqlite3/common (3.50.2)
  - sqlite3/dbstatvtab (3.50.2):
    - sqlite3/common
  - sqlite3/fts5 (3.50.2):
    - sqlite3/common
  - sqlite3/math (3.50.2):
    - sqlite3/common
  - sqlite3/perf-threadsafe (3.50.2):
    - sqlite3/common
  - sqlite3/rtree (3.50.2):
    - sqlite3/common
  - sqlite3_flutter_libs (0.0.1):
    - Flutter
    - FlutterMacOS
    - sqlite3 (~> 3.50.1)
    - sqlite3/dbstatvtab
    - sqlite3/fts5
    - sqlite3/math
    - sqlite3/perf-threadsafe
    - sqlite3/rtree
  - url_launcher_ios (0.0.1):
    - Flutter

DEPENDENCIES:
  - app_links (from `.symlinks/plugins/app_links/ios`)
  - connectivity_plus (from `.symlinks/plugins/connectivity_plus/ios`)
  - Flutter (from `Flutter`)
  - package_info_plus (from `.symlinks/plugins/package_info_plus/ios`)
  - path_provider_foundation (from `.symlinks/plugins/path_provider_foundation/darwin`)
  - pdfrx (from `.symlinks/plugins/pdfrx/darwin`)
  - share_plus (from `.symlinks/plugins/share_plus/ios`)
  - sqlite3_flutter_libs (from `.symlinks/plugins/sqlite3_flutter_libs/darwin`)
  - url_launcher_ios (from `.symlinks/plugins/url_launcher_ios/ios`)

SPEC REPOS:
  trunk:
    - sqlite3

EXTERNAL SOURCES:
  app_links:
    :path: ".symlinks/plugins/app_links/ios"
  connectivity_plus:
    :path: ".symlinks/plugins/connectivity_plus/ios"
  Flutter:
    :path: Flutter
  package_info_plus:
    :path: ".symlinks/plugins/package_info_plus/ios"
  path_provider_foundation:
    :path: ".symlinks/plugins/path_provider_foundation/darwin"
  pdfrx:
    :path: ".symlinks/plugins/pdfrx/darwin"
  share_plus:
    :path: ".symlinks/plugins/share_plus/ios"
  sqlite3_flutter_libs:
    :path: ".symlinks/plugins/sqlite3_flutter_libs/darwin"
  url_launcher_ios:
    :path: ".symlinks/plugins/url_launcher_ios/ios"

SPEC CHECKSUMS:
  app_links: 76b66b60cc809390ca1ad69bfd66b998d2387ac7
  connectivity_plus: cb623214f4e1f6ef8fe7403d580fdad517d2f7dd
  Flutter: e0871f40cf51350855a761d2e70bf5af5b9b5de7
  package_info_plus: af8e2ca6888548050f16fa2f1938db7b5a5df499
  path_provider_foundation: 080d55be775b7414fd5a5ef3ac137b97b097e564
  pdfrx: 310e84d01e06fd2af26e16507a0e48c27e99195c
  share_plus: 50da8cb520a8f0f65671c6c6a99b3617ed10a58a
  sqlite3: 3e82a2daae39ba3b41ae6ee84a130494585460fc
  sqlite3_flutter_libs: e7fc8c9ea2200ff3271f08f127842131746b70e2
  url_launcher_ios: 694010445543906933d732453a59da0a173ae33d

PODFILE CHECKSUM: 4305caec6b40dde0ae97be1573c53de1882a07e5

COCOAPODS: 1.16.2
